// !$*UTF8*$!
{
	archiveVersion = 1;
	classes = {
	};
	objectVersion = 46;
	objects = {

/* Begin PBXBuildFile section */
		796C7A701E2A458000892B86 /* main.swift in Sources */ = {isa = PBXBuildFile; fileRef = 796C7A6F1E2A458000892B86 /* main.swift */; };
		796C7A851E2A519F00892B86 /* ImageProcessor.swift in Sources */ = {isa = PBXBuildFile; fileRef = 796C7A841E2A519F00892B86 /* ImageProcessor.swift */; };
/* End PBXBuildFile section */

/* Begin PBXCopyFilesBuildPhase section */
		796C7A6A1E2A458000892B86 /* CopyFiles */ = {
			isa = PBXCopyFilesBuildPhase;
			buildActionMask = 2147483647;
			dstPath = /usr/share/man/man1/;
			dstSubfolderSpec = 0;
			files = (
			);
			runOnlyForDeploymentPostprocessing = 1;
		};
/* End PBXCopyFilesBuildPhase section */

/* Begin PBXFileReference section */
		796C7A6C1E2A458000892B86 /* SpriteAtlasCutter */ = {isa = PBXFileReference; explicitFileType = "compiled.mach-o.executable"; includeInIndex = 0; path = SpriteAtlasCutter; sourceTree = BUILT_PRODUCTS_DIR; };
		796C7A6F1E2A458000892B86 /* main.swift */ = {isa = PBXFileReference; lastKnownFileType = sourcecode.swift; path = main.swift; sourceTree = "<group>"; };
		796C7A841E2A519F00892B86 /* ImageProcessor.swift */ = {isa = PBXFileReference; fileEncoding = 4; lastKnownFileType = sourcecode.swift; path = ImageProcessor.swift; sourceTree = "<group>"; };
/* End PBXFileReference section */

/* Begin PBXFrameworksBuildPhase section */
		796C7A691E2A458000892B86 /* Frameworks */ = {
			isa = PBXFrameworksBuildPhase;
			buildActionMask = 2147483647;
			files = (
			);
			runOnlyForDeploymentPostprocessing = 0;
		};
/* End PBXFrameworksBuildPhase section */

/* Begin PBXGroup section */
		796C7A631E2A458000892B86 = {
			isa = PBXGroup;
			children = (
				796C7A6E1E2A458000892B86 /* SpriteAtlasCutter */,
				796C7A6D1E2A458000892B86 /* Products */,
			);
			sourceTree = "<group>";
		};
		796C7A6D1E2A458000892B86 /* Products */ = {
			isa = PBXGroup;
			children = (
				796C7A6C1E2A458000892B86 /* SpriteAtlasCutter */,
			);
			name = Products;
			sourceTree = "<group>";
		};
		796C7A6E1E2A458000892B86 /* SpriteAtlasCutter */ = {
			isa = PBXGroup;
			children = (
				796C7A6F1E2A458000892B86 /* main.swift */,
				796C7A841E2A519F00892B86 /* ImageProcessor.swift */,
			);
			path = SpriteAtlasCutter;
			sourceTree = "<group>";
		};
/* End PBXGroup section */

/* Begin PBXNativeTarget section */
		796C7A6B1E2A458000892B86 /* SpriteAtlasCutter */ = {
			isa = PBXNativeTarget;
			buildConfigurationList = 796C7A731E2A458000892B86 /* Build configuration list for PBXNativeTarget "SpriteAtlasCutter" */;
			buildPhases = (
				796C7A681E2A458000892B86 /* Sources */,
				796C7A691E2A458000892B86 /* Frameworks */,
				796C7A6A1E2A458000892B86 /* CopyFiles */,
			);
			buildRules = (
			);
			dependencies = (
			);
			name = SpriteAtlasCutter;
			productName = SpriteAtlasCutter;
			productReference = 796C7A6C1E2A458000892B86 /* SpriteAtlasCutter */;
			productType = "com.apple.product-type.tool";
		};
/* End PBXNativeTarget section */

/* Begin PBXProject section */
		796C7A641E2A458000892B86 /* Project object */ = {
			isa = PBXProject;
			attributes = {
				LastSwiftUpdateCheck = 0820;
				LastUpgradeCheck = 0820;
				ORGANIZATIONNAME = Wolftrail;
				TargetAttributes = {
					796C7A6B1E2A458000892B86 = {
						CreatedOnToolsVersion = 8.2.1;
						DevelopmentTeam = Q97F9KZ3J6;
						ProvisioningStyle = Automatic;
					};
				};
			};
			buildConfigurationList = 796C7A671E2A458000892B86 /* Build configuration list for PBXProject "SpriteAtlasCutter" */;
			compatibilityVersion = "Xcode 3.2";
			developmentRegion = English;
			hasScannedForEncodings = 0;
			knownRegions = (
				en,
			);
			mainGroup = 796C7A631E2A458000892B86;
			productRefGroup = 796C7A6D1E2A458000892B86 /* Products */;
			projectDirPath = "";
			projectRoot = "";
			targets = (
				796C7A6B1E2A458000892B86 /* SpriteAtlasCutter */,
			);
		};
/* End PBXProject section */

/* Begin PBXSourcesBuildPhase section */
		796C7A681E2A458000892B86 /* Sources */ = {
			isa = PBXSourcesBuildPhase;
			buildActionMask = 2147483647;
			files = (
				796C7A851E2A519F00892B86 /* ImageProcessor.swift in Sources */,
				796C7A701E2A458000892B86 /* main.swift in Sources */,
			);
			runOnlyForDeploymentPostprocessing = 0;
		};
/* End PBXSourcesBuildPhase section */

/* Begin XCBuildConfiguration section */
		796C7A711E2A458000892B86 /* Debug */ = {
			isa = XCBuildConfiguration;
			buildSettings = {
				ALWAYS_SEARCH_USER_PATHS = NO;
				CLANG_ANALYZER_NONNULL = YES;
				CLANG_CXX_LANGUAGE_STANDARD = "gnu++0x";
				CLANG_CXX_LIBRARY = "libc++";
				CLANG_ENABLE_MODULES = YES;
				CLANG_ENABLE_OBJC_ARC = YES;
				CLANG_WARN_BOOL_CONVERSION = YES;
				CLANG_WARN_CONSTANT_CONVERSION = YES;
				CLANG_WARN_DIRECT_OBJC_ISA_USAGE = YES_ERROR;
				CLANG_WARN_DOCUMENTATION_COMMENTS = YES;
				CLANG_WARN_EMPTY_BODY = YES;
				CLANG_WARN_ENUM_CONVERSION = YES;
				CLANG_WARN_INFINITE_RECURSION = YES;
				CLANG_WARN_INT_CONVERSION = YES;
				CLANG_WARN_OBJC_ROOT_CLASS = YES_ERROR;
				CLANG_WARN_SUSPICIOUS_MOVE = YES;
				CLANG_WARN_UNREACHABLE_CODE = YES;
				CLANG_WARN__DUPLICATE_METHOD_MATCH = YES;
				CODE_SIGN_IDENTITY = "-";
				COPY_PHASE_STRIP = NO;
				DEBUG_INFORMATION_FORMAT = dwarf;
				ENABLE_STRICT_OBJC_MSGSEND = YES;
				ENABLE_TESTABILITY = YES;
				GCC_C_LANGUAGE_STANDARD = gnu99;
				GCC_DYNAMIC_NO_PIC = NO;
				GCC_NO_COMMON_BLOCKS = YES;
				GCC_OPTIMIZATION_LEVEL = 0;
				GCC_PREPROCESSOR_DEFINITIONS = (
					"DEBUG=1",
					"$(inherited)",
				);
				GCC_WARN_64_TO_32_BIT_CONVERSION = YES;
				GCC_WARN_ABOUT_RETURN_TYPE = YES_ERROR;
				GCC_WARN_UNDECLARED_SELECTOR = YES;
				GCC_WARN_UNINITIALIZED_AUTOS = YES_AGGRESSIVE;
				GCC_WARN_UNUSED_FUNCTION = YES;
				GCC_WARN_UNUSED_VARIABLE = YES;
				MACOSX_DEPLOYMENT_TARGET = 10.12;
				MTL_ENABLE_DEBUG_INFO = YES;
				ONLY_ACTIVE_ARCH = YES;
				SDKROOT = macosx;
				SWIFT_OPTIMIZATION_LEVEL = "-Onone";
				SYMROOT = "${PROJECT_DIR}";
			};
			name = Debug;
		};
		796C7A721E2A458000892B86 /* Release */ = {
			isa = XCBuildConfiguration;
			buildSettings = {
				ALWAYS_SEARCH_USER_PATHS = NO;
				CLANG_ANALYZER_NONNULL = YES;
				CLANG_CXX_LANGUAGE_STANDARD = "gnu++0x";
				CLANG_CXX_LIBRARY = "libc++";
				CLANG_ENABLE_MODULES = YES;
				CLANG_ENABLE_OBJC_ARC = YES;
				CLANG_WARN_BOOL_CONVERSION = YES;
				CLANG_WARN_CONSTANT_CONVERSION = YES;
				CLANG_WARN_DIRECT_OBJC_ISA_USAGE = YES_ERROR;
				CLANG_WARN_DOCUMENTATION_COMMENTS = YES;
				CLANG_WARN_EMPTY_BODY = YES;
				CLANG_WARN_ENUM_CONVERSION = YES;
				CLANG_WARN_INFINITE_RECURSION = YES;
				CLANG_WARN_INT_CONVERSION = YES;
				CLANG_WARN_OBJC_ROOT_CLASS = YES_ERROR;
				CLANG_WARN_SUSPICIOUS_MOVE = YES;
				CLANG_WARN_UNREACHABLE_CODE = YES;
				CLANG_WARN__DUPLICATE_METHOD_MATCH = YES;
				CODE_SIGN_IDENTITY = "-";
				COPY_PHASE_STRIP = NO;
				DEBUG_INFORMATION_FORMAT = "dwarf-with-dsym";
				ENABLE_NS_ASSERTIONS = NO;
				ENABLE_STRICT_OBJC_MSGSEND = YES;
				GCC_C_LANGUAGE_STANDARD = gnu99;
				GCC_NO_COMMON_BLOCKS = YES;
				GCC_WARN_64_TO_32_BIT_CONVERSION = YES;
				GCC_WARN_ABOUT_RETURN_TYPE = YES_ERROR;
				GCC_WARN_UNDECLARED_SELECTOR = YES;
				GCC_WARN_UNINITIALIZED_AUTOS = YES_AGGRESSIVE;
				GCC_WARN_UNUSED_FUNCTION = YES;
				GCC_WARN_UNUSED_VARIABLE = YES;
				MACOSX_DEPLOYMENT_TARGET = 10.12;
				MTL_ENABLE_DEBUG_INFO = NO;
				SDKROOT = macosx;
				SYMROOT = "${PROJECT_DIR}";
			};
			name = Release;
		};
		796C7A741E2A458000892B86 /* Debug */ = {
			isa = XCBuildConfiguration;
			buildSettings = {
				CODE_SIGN_IDENTITY = "Mac Developer";
				DEVELOPMENT_TEAM = Q97F9KZ3J6;
				FRAMEWORK_SEARCH_PATHS = (
					"$(inherited)",
					"$(PROJECT_DIR)",
				);
				LD_RUNPATH_SEARCH_PATHS = "@executable_path/Frameworks\n@executable_path/Frameworks\n@executable_path/Frameworks\n";
				PRODUCT_NAME = "$(TARGET_NAME)";
				SWIFT_VERSION = 3.0;
				SYMROOT = build;
			};
			name = Debug;
		};
		796C7A751E2A458000892B86 /* Release */ = {
			isa = XCBuildConfiguration;
			buildSettings = {
				CODE_SIGN_IDENTITY = "Mac Developer";
				DEVELOPMENT_TEAM = Q97F9KZ3J6;
				FRAMEWORK_SEARCH_PATHS = (
					"$(inherited)",
					"$(PROJECT_DIR)",
				);
				LD_RUNPATH_SEARCH_PATHS = "@executable_path/Frameworks\n@executable_path/Frameworks\n@executable_path/Frameworks\n";
				PRODUCT_NAME = "$(TARGET_NAME)";
				SWIFT_VERSION = 3.0;
				SYMROOT = build;
			};
			name = Release;
		};
/* End XCBuildConfiguration section */

/* Begin XCConfigurationList section */
		796C7A671E2A458000892B86 /* Build configuration list for PBXProject "SpriteAtlasCutter" */ = {
			isa = XCConfigurationList;
			buildConfigurations = (
				796C7A711E2A458000892B86 /* Debug */,
				796C7A721E2A458000892B86 /* Release */,
			);
			defaultConfigurationIsVisible = 0;
			defaultConfigurationName = Release;
		};
		796C7A731E2A458000892B86 /* Build configuration list for PBXNativeTarget "SpriteAtlasCutter" */ = {
			isa = XCConfigurationList;
			buildConfigurations = (
				796C7A741E2A458000892B86 /* Debug */,
				796C7A751E2A458000892B86 /* Release */,
			);
			defaultConfigurationIsVisible = 0;
			defaultConfigurationName = Release;
		};
/* End XCConfigurationList section */
	};
	rootObject = 796C7A641E2A458000892B86 /* Project object */;
}
